
Microsoft Visual Studio Solution File, Format Version 12.00
# Visual Studio 15
VisualStudioVersion = 15.0.28010.2019
MinimumVisualStudioVersion = 10.0.40219.1
Project("{FAE04EC0-301F-11D3-BF4B-00C04F79EFBC}") = "klasa pojazd", "klasa pojazd\klasa pojazd.csproj", "{8C40F626-04F4-4A10-BE8B-D3C25772DB1F}"
EndProject
Global
	GlobalSection(SolutionConfigurationPlatforms) = preSolution
		Debug|Any CPU = Debug|Any CPU
		Release|Any CPU = Release|Any CPU
	EndGlobalSection
	GlobalSection(ProjectConfigurationPlatforms) = postSolution
		{8C40F626-04F4-4A10-BE8B-D3C25772DB1F}.Debug|Any CPU.ActiveCfg = Debug|Any CPU
		{8C40F626-04F4-4A10-BE8B-D3C25772DB1F}.Debug|Any CPU.Build.0 = Debug|Any CPU
		{8C40F626-04F4-4A10-BE8B-D3C25772DB1F}.Release|Any CPU.ActiveCfg = Release|Any CPU
		{8C40F626-04F4-4A10-BE8B-D3C25772DB1F}.Release|Any CPU.Build.0 = Release|Any CPU
	EndGlobalSection
	GlobalSection(SolutionProperties) = preSolution
		HideSolutionNode = FALSE
	EndGlobalSection
	GlobalSection(ExtensibilityGlobals) = postSolution
		SolutionGuid = {17D15B0E-50FD-4636-B21E-F3D33D2EFF91}
	EndGlobalSection
EndGlobal
